// !$*UTF8*$!
{
	archiveVersion = 1;
	classes = {
	};
	objectVersion = 50;
	objects = {

/* Begin PBXBuildFile section */
		A23E18EA250EB125002E5AF6 /* GridLayout.swift in Sources */ = {isa = PBXBuildFile; fileRef = A23E18E9250EB125002E5AF6 /* GridLayout.swift */; };
		A27C1683250D68E200D92476 /* AppDelegate.swift in Sources */ = {isa = PBXBuildFile; fileRef = A27C1682250D68E200D92476 /* AppDelegate.swift */; };
		A27C1685250D68E200D92476 /* SceneDelegate.swift in Sources */ = {isa = PBXBuildFile; fileRef = A27C1684250D68E200D92476 /* SceneDelegate.swift */; };
		A27C1687250D68E200D92476 /* MemoryGameView.swift in Sources */ = {isa = PBXBuildFile; fileRef = A27C1686250D68E200D92476 /* MemoryGameView.swift */; };
		A27C1689250D68E500D92476 /* Assets.xcassets in Resources */ = {isa = PBXBuildFile; fileRef = A27C1688250D68E500D92476 /* Assets.xcassets */; };
		A27C168C250D68E500D92476 /* Preview Assets.xcassets in Resources */ = {isa = PBXBuildFile; fileRef = A27C168B250D68E500D92476 /* Preview Assets.xcassets */; };
		A27C168F250D68E500D92476 /* LaunchScreen.storyboard in Resources */ = {isa = PBXBuildFile; fileRef = A27C168D250D68E500D92476 /* LaunchScreen.storyboard */; };
		A27C1697250D7EF700D92476 /* MemoryGame.swift in Sources */ = {isa = PBXBuildFile; fileRef = A27C1696250D7EF700D92476 /* MemoryGame.swift */; };
		A27C1699250D80DE00D92476 /* EmojiMemoryGame.swift in Sources */ = {isa = PBXBuildFile; fileRef = A27C1698250D80DE00D92476 /* EmojiMemoryGame.swift */; };
		A27C169B250DC0BB00D92476 /* Grid.swift in Sources */ = {isa = PBXBuildFile; fileRef = A27C169A250DC0BB00D92476 /* Grid.swift */; };
/* End PBXBuildFile section */

/* Begin PBXFileReference section */
		A23E18E9250EB125002E5AF6 /* GridLayout.swift */ = {isa = PBXFileReference; fileEncoding = 4; lastKnownFileType = sourcecode.swift; path = GridLayout.swift; sourceTree = "<group>"; };
		A27C167F250D68E200D92476 /* Memorize.app */ = {isa = PBXFileReference; explicitFileType = wrapper.application; includeInIndex = 0; path = Memorize.app; sourceTree = BUILT_PRODUCTS_DIR; };
		A27C1682250D68E200D92476 /* AppDelegate.swift */ = {isa = PBXFileReference; lastKnownFileType = sourcecode.swift; path = AppDelegate.swift; sourceTree = "<group>"; };
		A27C1684250D68E200D92476 /* SceneDelegate.swift */ = {isa = PBXFileReference; lastKnownFileType = sourcecode.swift; path = SceneDelegate.swift; sourceTree = "<group>"; };
		A27C1686250D68E200D92476 /* MemoryGameView.swift */ = {isa = PBXFileReference; lastKnownFileType = sourcecode.swift; path = MemoryGameView.swift; sourceTree = "<group>"; };
		A27C1688250D68E500D92476 /* Assets.xcassets */ = {isa = PBXFileReference; lastKnownFileType = folder.assetcatalog; path = Assets.xcassets; sourceTree = "<group>"; };
		A27C168B250D68E500D92476 /* Preview Assets.xcassets */ = {isa = PBXFileReference; lastKnownFileType = folder.assetcatalog; path = "Preview Assets.xcassets"; sourceTree = "<group>"; };
		A27C168E250D68E500D92476 /* Base */ = {isa = PBXFileReference; lastKnownFileType = file.storyboard; name = Base; path = Base.lproj/LaunchScreen.storyboard; sourceTree = "<group>"; };
		A27C1690250D68E500D92476 /* Info.plist */ = {isa = PBXFileReference; lastKnownFileType = text.plist.xml; path = Info.plist; sourceTree = "<group>"; };
		A27C1696250D7EF700D92476 /* MemoryGame.swift */ = {isa = PBXFileReference; lastKnownFileType = sourcecode.swift; path = MemoryGame.swift; sourceTree = "<group>"; };
		A27C1698250D80DE00D92476 /* EmojiMemoryGame.swift */ = {isa = PBXFileReference; lastKnownFileType = sourcecode.swift; path = EmojiMemoryGame.swift; sourceTree = "<group>"; };
		A27C169A250DC0BB00D92476 /* Grid.swift */ = {isa = PBXFileReference; lastKnownFileType = sourcecode.swift; path = Grid.swift; sourceTree = "<group>"; };
/* End PBXFileReference section */

/* Begin PBXFrameworksBuildPhase section */
		A27C167C250D68E200D92476 /* Frameworks */ = {
			isa = PBXFrameworksBuildPhase;
			buildActionMask = 2147483647;
			files = (
			);
			runOnlyForDeploymentPostprocessing = 0;
		};
/* End PBXFrameworksBuildPhase section */

/* Begin PBXGroup section */
		A27C1676250D68E200D92476 = {
			isa = PBXGroup;
			children = (
				A27C1681250D68E200D92476 /* Memorize */,
				A27C1680250D68E200D92476 /* Products */,
			);
			sourceTree = "<group>";
		};
		A27C1680250D68E200D92476 /* Products */ = {
			isa = PBXGroup;
			children = (
				A27C167F250D68E200D92476 /* Memorize.app */,
			);
			name = Products;
			sourceTree = "<group>";
		};
		A27C1681250D68E200D92476 /* Memorize */ = {
			isa = PBXGroup;
			children = (
				A27C1682250D68E200D92476 /* AppDelegate.swift */,
				A27C1684250D68E200D92476 /* SceneDelegate.swift */,
				A23E18E9250EB125002E5AF6 /* GridLayout.swift */,
				A27C1686250D68E200D92476 /* MemoryGameView.swift */,
				A27C169A250DC0BB00D92476 /* Grid.swift */,
				A27C1696250D7EF700D92476 /* MemoryGame.swift */,
				A27C1698250D80DE00D92476 /* EmojiMemoryGame.swift */,
				A27C1688250D68E500D92476 /* Assets.xcassets */,
				A27C168D250D68E500D92476 /* LaunchScreen.storyboard */,
				A27C1690250D68E500D92476 /* Info.plist */,
				A27C168A250D68E500D92476 /* Preview Content */,
			);
			path = Memorize;
			sourceTree = "<group>";
		};
		A27C168A250D68E500D92476 /* Preview Content */ = {
			isa = PBXGroup;
			children = (
				A27C168B250D68E500D92476 /* Preview Assets.xcassets */,
			);
			path = "Preview Content";
			sourceTree = "<group>";
		};
/* End PBXGroup section */

/* Begin PBXNativeTarget section */
		A27C167E250D68E200D92476 /* Memorize */ = {
			isa = PBXNativeTarget;
			buildConfigurationList = A27C1693250D68E500D92476 /* Build configuration list for PBXNativeTarget "Memorize" */;
			buildPhases = (
				A27C167B250D68E200D92476 /* Sources */,
				A27C167C250D68E200D92476 /* Frameworks */,
				A27C167D250D68E200D92476 /* Resources */,
			);
			buildRules = (
			);
			dependencies = (
			);
			name = Memorize;
			productName = Memorize;
			productReference = A27C167F250D68E200D92476 /* Memorize.app */;
			productType = "com.apple.product-type.application";
		};
/* End PBXNativeTarget section */

/* Begin PBXProject section */
		A27C1677250D68E200D92476 /* Project object */ = {
			isa = PBXProject;
			attributes = {
				LastSwiftUpdateCheck = 1160;
				LastUpgradeCheck = 1160;
				ORGANIZATIONNAME = "Jay-Ar Brouillard";
				TargetAttributes = {
					A27C167E250D68E200D92476 = {
						CreatedOnToolsVersion = 11.6;
					};
				};
			};
			buildConfigurationList = A27C167A250D68E200D92476 /* Build configuration list for PBXProject "Memorize" */;
			compatibilityVersion = "Xcode 9.3";
			developmentRegion = en;
			hasScannedForEncodings = 0;
			knownRegions = (
				en,
				Base,
			);
			mainGroup = A27C1676250D68E200D92476;
			productRefGroup = A27C1680250D68E200D92476 /* Products */;
			projectDirPath = "";
			projectRoot = "";
			targets = (
				A27C167E250D68E200D92476 /* Memorize */,
			);
		};
/* End PBXProject section */

/* Begin PBXResourcesBuildPhase section */
		A27C167D250D68E200D92476 /* Resources */ = {
			isa = PBXResourcesBuildPhase;
			buildActionMask = 2147483647;
			files = (
				A27C168F250D68E500D92476 /* LaunchScreen.storyboard in Resources */,
				A27C168C250D68E500D92476 /* Preview Assets.xcassets in Resources */,
				A27C1689250D68E500D92476 /* Assets.xcassets in Resources */,
			);
			runOnlyForDeploymentPostprocessing = 0;
		};
/* End PBXResourcesBuildPhase section */

/* Begin PBXSourcesBuildPhase section */
		A27C167B250D68E200D92476 /* Sources */ = {
			isa = PBXSourcesBuildPhase;
			buildActionMask = 2147483647;
			files = (
				A27C1683250D68E200D92476 /* AppDelegate.swift in Sources */,
				A27C1685250D68E200D92476 /* SceneDelegate.swift in Sources */,
				A27C1697250D7EF700D92476 /* MemoryGame.swift in Sources */,
				A27C1687250D68E200D92476 /* MemoryGameView.swift in Sources */,
				A27C1699250D80DE00D92476 /* EmojiMemoryGame.swift in Sources */,
				A23E18EA250EB125002E5AF6 /* GridLayout.swift in Sources */,
				A27C169B250DC0BB00D92476 /* Grid.swift in Sources */,
			);
			runOnlyForDeploymentPostprocessing = 0;
		};
/* End PBXSourcesBuildPhase section */

/* Begin PBXVariantGroup section */
		A27C168D250D68E500D92476 /* LaunchScreen.storyboard */ = {
			isa = PBXVariantGroup;
			children = (
				A27C168E250D68E500D92476 /* Base */,
			);
			name = LaunchScreen.storyboard;
			sourceTree = "<group>";
		};
/* End PBXVariantGroup section */

/* Begin XCBuildConfiguration section */
		A27C1691250D68E500D92476 /* Debug */ = {
			isa = XCBuildConfiguration;
			buildSettings = {
				ALWAYS_SEARCH_USER_PATHS = NO;
				CLANG_ANALYZER_NONNULL = YES;
				CLANG_ANALYZER_NUMBER_OBJECT_CONVERSION = YES_AGGRESSIVE;
				CLANG_CXX_LANGUAGE_STANDARD = "gnu++14";
				CLANG_CXX_LIBRARY = "libc++";
				CLANG_ENABLE_MODULES = YES;
				CLANG_ENABLE_OBJC_ARC = YES;
				CLANG_ENABLE_OBJC_WEAK = YES;
				CLANG_WARN_BLOCK_CAPTURE_AUTORELEASING = YES;
				CLANG_WARN_BOOL_CONVERSION = YES;
				CLANG_WARN_COMMA = YES;
				CLANG_WARN_CONSTANT_CONVERSION = YES;
				CLANG_WARN_DEPRECATED_OBJC_IMPLEMENTATIONS = YES;
				CLANG_WARN_DIRECT_OBJC_ISA_USAGE = YES_ERROR;
				CLANG_WARN_DOCUMENTATION_COMMENTS = YES;
				CLANG_WARN_EMPTY_BODY = YES;
				CLANG_WARN_ENUM_CONVERSION = YES;
				CLANG_WARN_INFINITE_RECURSION = YES;
				CLANG_WARN_INT_CONVERSION = YES;
				CLANG_WARN_NON_LITERAL_NULL_CONVERSION = YES;
				CLANG_WARN_OBJC_IMPLICIT_RETAIN_SELF = YES;
				CLANG_WARN_OBJC_LITERAL_CONVERSION = YES;
				CLANG_WARN_OBJC_ROOT_CLASS = YES_ERROR;
				CLANG_WARN_RANGE_LOOP_ANALYSIS = YES;
				CLANG_WARN_STRICT_PROTOTYPES = YES;
				CLANG_WARN_SUSPICIOUS_MOVE = YES;
				CLANG_WARN_UNGUARDED_AVAILABILITY = YES_AGGRESSIVE;
				CLANG_WARN_UNREACHABLE_CODE = YES;
				CLANG_WARN__DUPLICATE_METHOD_MATCH = YES;
				COPY_PHASE_STRIP = NO;
				DEBUG_INFORMATION_FORMAT = dwarf;
				ENABLE_STRICT_OBJC_MSGSEND = YES;
				ENABLE_TESTABILITY = YES;
				GCC_C_LANGUAGE_STANDARD = gnu11;
				GCC_DYNAMIC_NO_PIC = NO;
				GCC_NO_COMMON_BLOCKS = YES;
				GCC_OPTIMIZATION_LEVEL = 0;
				GCC_PREPROCESSOR_DEFINITIONS = (
					"DEBUG=1",
					"$(inherited)",
				);
				GCC_WARN_64_TO_32_BIT_CONVERSION = YES;
				GCC_WARN_ABOUT_RETURN_TYPE = YES_ERROR;
				GCC_WARN_UNDECLARED_SELECTOR = YES;
				GCC_WARN_UNINITIALIZED_AUTOS = YES_AGGRESSIVE;
				GCC_WARN_UNUSED_FUNCTION = YES;
				GCC_WARN_UNUSED_VARIABLE = YES;
				IPHONEOS_DEPLOYMENT_TARGET = 13.6;
				MTL_ENABLE_DEBUG_INFO = INCLUDE_SOURCE;
				MTL_FAST_MATH = YES;
				ONLY_ACTIVE_ARCH = YES;
				SDKROOT = iphoneos;
				SWIFT_ACTIVE_COMPILATION_CONDITIONS = DEBUG;
				SWIFT_OPTIMIZATION_LEVEL = "-Onone";
			};
			name = Debug;
		};
		A27C1692250D68E500D92476 /* Release */ = {
			isa = XCBuildConfiguration;
			buildSettings = {
				ALWAYS_SEARCH_USER_PATHS = NO;
				CLANG_ANALYZER_NONNULL = YES;
				CLANG_ANALYZER_NUMBER_OBJECT_CONVERSION = YES_AGGRESSIVE;
				CLANG_CXX_LANGUAGE_STANDARD = "gnu++14";
				CLANG_CXX_LIBRARY = "libc++";
				CLANG_ENABLE_MODULES = YES;
				CLANG_ENABLE_OBJC_ARC = YES;
				CLANG_ENABLE_OBJC_WEAK = YES;
				CLANG_WARN_BLOCK_CAPTURE_AUTORELEASING = YES;
				CLANG_WARN_BOOL_CONVERSION = YES;
				CLANG_WARN_COMMA = YES;
				CLANG_WARN_CONSTANT_CONVERSION = YES;
				CLANG_WARN_DEPRECATED_OBJC_IMPLEMENTATIONS = YES;
				CLANG_WARN_DIRECT_OBJC_ISA_USAGE = YES_ERROR;
				CLANG_WARN_DOCUMENTATION_COMMENTS = YES;
				CLANG_WARN_EMPTY_BODY = YES;
				CLANG_WARN_ENUM_CONVERSION = YES;
				CLANG_WARN_INFINITE_RECURSION = YES;
				CLANG_WARN_INT_CONVERSION = YES;
				CLANG_WARN_NON_LITERAL_NULL_CONVERSION = YES;
				CLANG_WARN_OBJC_IMPLICIT_RETAIN_SELF = YES;
				CLANG_WARN_OBJC_LITERAL_CONVERSION = YES;
				CLANG_WARN_OBJC_ROOT_CLASS = YES_ERROR;
				CLANG_WARN_RANGE_LOOP_ANALYSIS = YES;
				CLANG_WARN_STRICT_PROTOTYPES = YES;
				CLANG_WARN_SUSPICIOUS_MOVE = YES;
				CLANG_WARN_UNGUARDED_AVAILABILITY = YES_AGGRESSIVE;
				CLANG_WARN_UNREACHABLE_CODE = YES;
				CLANG_WARN__DUPLICATE_METHOD_MATCH = YES;
				COPY_PHASE_STRIP = NO;
				DEBUG_INFORMATION_FORMAT = "dwarf-with-dsym";
				ENABLE_NS_ASSERTIONS = NO;
				ENABLE_STRICT_OBJC_MSGSEND = YES;
				GCC_C_LANGUAGE_STANDARD = gnu11;
				GCC_NO_COMMON_BLOCKS = YES;
				GCC_WARN_64_TO_32_BIT_CONVERSION = YES;
				GCC_WARN_ABOUT_RETURN_TYPE = YES_ERROR;
				GCC_WARN_UNDECLARED_SELECTOR = YES;
				GCC_WARN_UNINITIALIZED_AUTOS = YES_AGGRESSIVE;
				GCC_WARN_UNUSED_FUNCTION = YES;
				GCC_WARN_UNUSED_VARIABLE = YES;
				IPHONEOS_DEPLOYMENT_TARGET = 13.6;
				MTL_ENABLE_DEBUG_INFO = NO;
				MTL_FAST_MATH = YES;
				SDKROOT = iphoneos;
				SWIFT_COMPILATION_MODE = wholemodule;
				SWIFT_OPTIMIZATION_LEVEL = "-O";
				VALIDATE_PRODUCT = YES;
			};
			name = Release;
		};
		A27C1694250D68E500D92476 /* Debug */ = {
			isa = XCBuildConfiguration;
			buildSettings = {
				ASSETCATALOG_COMPILER_APPICON_NAME = AppIcon;
				CODE_SIGN_STYLE = Automatic;
				DEVELOPMENT_ASSET_PATHS = "\"Memorize/Preview Content\"";
				DEVELOPMENT_TEAM = 8NH7M23AT4;
				ENABLE_PREVIEWS = YES;
				INFOPLIST_FILE = Memorize/Info.plist;
				LD_RUNPATH_SEARCH_PATHS = (
					"$(inherited)",
					"@executable_path/Frameworks",
				);
				PRODUCT_BUNDLE_IDENTIFIER = "com.jay-arbrouillard.Memorize";
				PRODUCT_NAME = "$(TARGET_NAME)";
				SWIFT_VERSION = 5.0;
				TARGETED_DEVICE_FAMILY = "1,2";
			};
			name = Debug;
		};
		A27C1695250D68E500D92476 /* Release */ = {
			isa = XCBuildConfiguration;
			buildSettings = {
				ASSETCATALOG_COMPILER_APPICON_NAME = AppIcon;
				CODE_SIGN_STYLE = Automatic;
				DEVELOPMENT_ASSET_PATHS = "\"Memorize/Preview Content\"";
				DEVELOPMENT_TEAM = 8NH7M23AT4;
				ENABLE_PREVIEWS = YES;
				INFOPLIST_FILE = Memorize/Info.plist;
				LD_RUNPATH_SEARCH_PATHS = (
					"$(inherited)",
					"@executable_path/Frameworks",
				);
				PRODUCT_BUNDLE_IDENTIFIER = "com.jay-arbrouillard.Memorize";
				PRODUCT_NAME = "$(TARGET_NAME)";
				SWIFT_VERSION = 5.0;
				TARGETED_DEVICE_FAMILY = "1,2";
			};
			name = Release;
		};
/* End XCBuildConfiguration section */

/* Begin XCConfigurationList section */
		A27C167A250D68E200D92476 /* Build configuration list for PBXProject "Memorize" */ = {
			isa = XCConfigurationList;
			buildConfigurations = (
				A27C1691250D68E500D92476 /* Debug */,
				A27C1692250D68E500D92476 /* Release */,
			);
			defaultConfigurationIsVisible = 0;
			defaultConfigurationName = Release;
		};
		A27C1693250D68E500D92476 /* Build configuration list for PBXNativeTarget "Memorize" */ = {
			isa = XCConfigurationList;
			buildConfigurations = (
				A27C1694250D68E500D92476 /* Debug */,
				A27C1695250D68E500D92476 /* Release */,
			);
			defaultConfigurationIsVisible = 0;
			defaultConfigurationName = Release;
		};
/* End XCConfigurationList section */
	};
	rootObject = A27C1677250D68E200D92476 /* Project object */;
}
